
Microsoft Visual Studio Solution File, Format Version 12.00
# Visual Studio Version 17
VisualStudioVersion = 17.6.33801.468
MinimumVisualStudioVersion = 10.0.40219.1
Project("{FAE04EC0-301F-11D3-BF4B-00C04F79EFBC}") = "Zadanie 3", "Zadanie 3\Zadanie 3.csproj", "{532058A8-6BC3-4645-96F9-196A0110C0D3}"
EndProject
Global
	GlobalSection(SolutionConfigurationPlatforms) = preSolution
		Debug|Any CPU = Debug|Any CPU
		Release|Any CPU = Release|Any CPU
	EndGlobalSection
	GlobalSection(ProjectConfigurationPlatforms) = postSolution
		{532058A8-6BC3-4645-96F9-196A0110C0D3}.Debug|Any CPU.ActiveCfg = Debug|Any CPU
		{532058A8-6BC3-4645-96F9-196A0110C0D3}.Debug|Any CPU.Build.0 = Debug|Any CPU
		{532058A8-6BC3-4645-96F9-196A0110C0D3}.Release|Any CPU.ActiveCfg = Release|Any CPU
		{532058A8-6BC3-4645-96F9-196A0110C0D3}.Release|Any CPU.Build.0 = Release|Any CPU
	EndGlobalSection
	GlobalSection(SolutionProperties) = preSolution
		HideSolutionNode = FALSE
	EndGlobalSection
	GlobalSection(ExtensibilityGlobals) = postSolution
		SolutionGuid = {21B30B43-E371-4D19-95B6-D0C77D116D8F}
	EndGlobalSection
EndGlobal
